
Microsoft Visual Studio Solution File, Format Version 12.00
# Visual Studio Version 17
VisualStudioVersion = 17.10.35027.167
MinimumVisualStudioVersion = 10.0.40219.1
Project("{888888A0-9F3D-457C-B088-3A5042F75D52}") = "hypotez", "hypotez.pyproj", "{2387C7E6-3815-4532-A601-4674DD6F8C27}"
EndProject
Global
	GlobalSection(SolutionConfigurationPlatforms) = preSolution
		Debug|Any CPU = Debug|Any CPU
		Release|Any CPU = Release|Any CPU
	EndGlobalSection
	GlobalSection(ProjectConfigurationPlatforms) = postSolution
		{2387C7E6-3815-4532-A601-4674DD6F8C27}.Debug|Any CPU.ActiveCfg = Debug|Any CPU
		{2387C7E6-3815-4532-A601-4674DD6F8C27}.Release|Any CPU.ActiveCfg = Release|Any CPU
	EndGlobalSection
	GlobalSection(SolutionProperties) = preSolution
		HideSolutionNode = FALSE
	EndGlobalSection
	GlobalSection(ExtensibilityGlobals) = postSolution
		SolutionGuid = {0F2C9F2E-6A53-4AA4-88B9-F61BF2FED352}
	EndGlobalSection
EndGlobal
